
Microsoft Visual Studio Solution File, Format Version 12.00
# Visual Studio Version 17
VisualStudioVersion = 17.1.32210.238
MinimumVisualStudioVersion = 10.0.40219.1
Project("{2150E333-8FDC-42A3-9474-1A3956D46DE8}") = "DrReview.Core", "DrReview.Core", "{AD685D1A-6459-44BB-95D1-FC01AC08FD03}"
EndProject
Project("{9A19103F-16F7-4668-BE54-9A1E7A4F7556}") = "DrReview.Api", "DrReview.Core\DrReview.Api\DrReview.Api.csproj", "{591AAE91-0D2D-496F-A0A6-1EF3F2338CC8}"
EndProject
Project("{2150E333-8FDC-42A3-9474-1A3956D46DE8}") = "Solution Items", "Solution Items", "{C7CB7915-227A-41E6-BE38-593A33E3E6F3}"
	ProjectSection(SolutionItems) = preProject
		.editorconfig = .editorconfig
		.editorconfig.inferred = .editorconfig.inferred
		..\Databases\Databases.Dockerfile = ..\Databases\Databases.Dockerfile
		Dev.Dockerfile = Dev.Dockerfile
		Dockerfile = Dockerfile
	EndProjectSection
EndProject
Project("{2150E333-8FDC-42A3-9474-1A3956D46DE8}") = "Modules", "Modules", "{40FEE468-AB49-46A1-AB1D-85EAD78D2656}"
EndProject
Project("{2150E333-8FDC-42A3-9474-1A3956D46DE8}") = "Review", "Review", "{14B33548-D04A-40FC-983A-CC9B1FB614AA}"
EndProject
Project("{2150E333-8FDC-42A3-9474-1A3956D46DE8}") = "ScheduleNotifications", "ScheduleNotifications", "{A8348ACE-9ADE-466E-B651-9ABC6E4DCD8A}"
EndProject
Project("{2150E333-8FDC-42A3-9474-1A3956D46DE8}") = "Application", "Application", "{0DA207D1-AD0B-416F-9B39-DB9DDC2ACD4E}"
EndProject
Project("{2150E333-8FDC-42A3-9474-1A3956D46DE8}") = "Infrastructure", "Infrastructure", "{E5752702-5C88-419B-A1C7-845D5BE9A936}"
EndProject
Project("{2150E333-8FDC-42A3-9474-1A3956D46DE8}") = "Application", "Application", "{5FBDDBCC-8AB9-4818-B461-ECB332E48601}"
EndProject
Project("{2150E333-8FDC-42A3-9474-1A3956D46DE8}") = "Infrastructure", "Infrastructure", "{C2DEE197-2433-44A2-A128-2EC2C3B96C37}"
EndProject
Project("{2150E333-8FDC-42A3-9474-1A3956D46DE8}") = "Common", "Common", "{45E10D4F-A160-4943-8279-17AC2B1CCBD0}"
EndProject
Project("{9A19103F-16F7-4668-BE54-9A1E7A4F7556}") = "DrReview.Modules.Review.Application", "DrReview.Core\Modules\Review\Application\DrReview.Modules.Review.Application.csproj", "{4D9E1EF2-4F1A-43E6-BFE5-3016AE611FC0}"
EndProject
Project("{9A19103F-16F7-4668-BE54-9A1E7A4F7556}") = "DrReview.Modules.Review.Infrastructure", "DrReview.Core\Modules\Review\Infrastructure\DrReview.Modules.Review.Infrastructure.csproj", "{B427F525-B347-43EE-942B-56002D64DDE1}"
EndProject
Project("{9A19103F-16F7-4668-BE54-9A1E7A4F7556}") = "DrReview.Modules.ScheduleNotifications.Application", "DrReview.Core\Modules\ScheduleNotifications\Application\DrReview.Modules.ScheduleNotifications.Application.csproj", "{2920E094-7CB3-414F-AC37-EAE30A102B3A}"
EndProject
Project("{9A19103F-16F7-4668-BE54-9A1E7A4F7556}") = "DrReview.Modules.ScheduleNotifications.Infrastructure", "DrReview.Core\Modules\ScheduleNotifications\Infrastructure\DrReview.Modules.ScheduleNotifications.Infrastructure.csproj", "{91979577-03B6-4D6B-890B-164504F0C47D}"
EndProject
Project("{9A19103F-16F7-4668-BE54-9A1E7A4F7556}") = "DrReview.Common", "DrReview.Core\Common\DrReview.Common.csproj", "{ED07E6CC-994B-4D22-B345-949B7AC7AF50}"
EndProject
Project("{9A19103F-16F7-4668-BE54-9A1E7A4F7556}") = "DrReview.Contracts", "DrReview.Core\DrReview.Contracts\DrReview.Contracts.csproj", "{65824E3C-AEEF-49A6-B409-3EC6E64B8385}"
EndProject
Project("{2150E333-8FDC-42A3-9474-1A3956D46DE8}") = "Databases", "Databases", "{3AFEB5C6-CDAD-4735-A007-B32C05F6E5C9}"
EndProject
Project("{00D1A9C2-B5F0-4AF3-8072-F6C62B433612}") = "DrReview.Hangfire.Database", "..\Databases\DrReview.Hangfire.Database\DrReview.Hangfire.Database.sqlproj", "{FE2C8C2D-D7F4-439D-BF24-74E0A73E6C12}"
EndProject
Project("{E53339B2-1760-4266-BCC7-CA923CBCF16C}") = "docker-compose", "..\docker-compose.dcproj", "{2AA9CFE4-6FFB-460B-8CE3-05198CA50FEC}"
EndProject
Project("{00D1A9C2-B5F0-4AF3-8072-F6C62B433612}") = "DrReview.Database", "..\Databases\DrReview.Database\DrReview.Database.sqlproj", "{1166DEED-8AA7-4BF2-9CF8-D00FA49D6AF9}"
EndProject
Project("{2150E333-8FDC-42A3-9474-1A3956D46DE8}") = "User", "User", "{774F4884-12A6-49E3-9A40-B2E4823BD3AB}"
EndProject
Project("{2150E333-8FDC-42A3-9474-1A3956D46DE8}") = "Application", "Application", "{7762B8F2-0587-485D-B4B1-1C01AE73826F}"
EndProject
Project("{9A19103F-16F7-4668-BE54-9A1E7A4F7556}") = "DrReview.Modules.User.Application", "DrReview.Core\Modules\User\Application\DrReview.Modules.User.Application.csproj", "{EB872E0A-21EF-4497-98F9-2B10C4DF286C}"
EndProject
Project("{2150E333-8FDC-42A3-9474-1A3956D46DE8}") = "Infrastructure", "Infrastructure", "{CC90716A-39E6-460A-A364-8F61DD3DD089}"
EndProject
Project("{9A19103F-16F7-4668-BE54-9A1E7A4F7556}") = "DrReview.Modules.User.Infrastructure", "DrReview.Core\Modules\User\Infrastructure\DrReview.Modules.User.Infrastructure.csproj", "{C063BBD6-CAC8-425F-B496-DE61038AB947}"
EndProject
Global
	GlobalSection(SolutionConfigurationPlatforms) = preSolution
		Debug|Any CPU = Debug|Any CPU
		Release|Any CPU = Release|Any CPU
	EndGlobalSection
	GlobalSection(ProjectConfigurationPlatforms) = postSolution
		{591AAE91-0D2D-496F-A0A6-1EF3F2338CC8}.Debug|Any CPU.ActiveCfg = Debug|Any CPU
		{591AAE91-0D2D-496F-A0A6-1EF3F2338CC8}.Debug|Any CPU.Build.0 = Debug|Any CPU
		{591AAE91-0D2D-496F-A0A6-1EF3F2338CC8}.Release|Any CPU.ActiveCfg = Release|Any CPU
		{591AAE91-0D2D-496F-A0A6-1EF3F2338CC8}.Release|Any CPU.Build.0 = Release|Any CPU
		{4D9E1EF2-4F1A-43E6-BFE5-3016AE611FC0}.Debug|Any CPU.ActiveCfg = Debug|Any CPU
		{4D9E1EF2-4F1A-43E6-BFE5-3016AE611FC0}.Debug|Any CPU.Build.0 = Debug|Any CPU
		{4D9E1EF2-4F1A-43E6-BFE5-3016AE611FC0}.Release|Any CPU.ActiveCfg = Release|Any CPU
		{4D9E1EF2-4F1A-43E6-BFE5-3016AE611FC0}.Release|Any CPU.Build.0 = Release|Any CPU
		{B427F525-B347-43EE-942B-56002D64DDE1}.Debug|Any CPU.ActiveCfg = Debug|Any CPU
		{B427F525-B347-43EE-942B-56002D64DDE1}.Debug|Any CPU.Build.0 = Debug|Any CPU
		{B427F525-B347-43EE-942B-56002D64DDE1}.Release|Any CPU.ActiveCfg = Release|Any CPU
		{B427F525-B347-43EE-942B-56002D64DDE1}.Release|Any CPU.Build.0 = Release|Any CPU
		{2920E094-7CB3-414F-AC37-EAE30A102B3A}.Debug|Any CPU.ActiveCfg = Debug|Any CPU
		{2920E094-7CB3-414F-AC37-EAE30A102B3A}.Debug|Any CPU.Build.0 = Debug|Any CPU
		{2920E094-7CB3-414F-AC37-EAE30A102B3A}.Release|Any CPU.ActiveCfg = Release|Any CPU
		{2920E094-7CB3-414F-AC37-EAE30A102B3A}.Release|Any CPU.Build.0 = Release|Any CPU
		{91979577-03B6-4D6B-890B-164504F0C47D}.Debug|Any CPU.ActiveCfg = Debug|Any CPU
		{91979577-03B6-4D6B-890B-164504F0C47D}.Debug|Any CPU.Build.0 = Debug|Any CPU
		{91979577-03B6-4D6B-890B-164504F0C47D}.Release|Any CPU.ActiveCfg = Release|Any CPU
		{91979577-03B6-4D6B-890B-164504F0C47D}.Release|Any CPU.Build.0 = Release|Any CPU
		{ED07E6CC-994B-4D22-B345-949B7AC7AF50}.Debug|Any CPU.ActiveCfg = Debug|Any CPU
		{ED07E6CC-994B-4D22-B345-949B7AC7AF50}.Debug|Any CPU.Build.0 = Debug|Any CPU
		{ED07E6CC-994B-4D22-B345-949B7AC7AF50}.Release|Any CPU.ActiveCfg = Release|Any CPU
		{ED07E6CC-994B-4D22-B345-949B7AC7AF50}.Release|Any CPU.Build.0 = Release|Any CPU
		{65824E3C-AEEF-49A6-B409-3EC6E64B8385}.Debug|Any CPU.ActiveCfg = Debug|Any CPU
		{65824E3C-AEEF-49A6-B409-3EC6E64B8385}.Debug|Any CPU.Build.0 = Debug|Any CPU
		{65824E3C-AEEF-49A6-B409-3EC6E64B8385}.Release|Any CPU.ActiveCfg = Release|Any CPU
		{65824E3C-AEEF-49A6-B409-3EC6E64B8385}.Release|Any CPU.Build.0 = Release|Any CPU
		{FE2C8C2D-D7F4-439D-BF24-74E0A73E6C12}.Debug|Any CPU.ActiveCfg = Debug|Any CPU
		{FE2C8C2D-D7F4-439D-BF24-74E0A73E6C12}.Debug|Any CPU.Build.0 = Debug|Any CPU
		{FE2C8C2D-D7F4-439D-BF24-74E0A73E6C12}.Debug|Any CPU.Deploy.0 = Debug|Any CPU
		{FE2C8C2D-D7F4-439D-BF24-74E0A73E6C12}.Release|Any CPU.ActiveCfg = Release|Any CPU
		{FE2C8C2D-D7F4-439D-BF24-74E0A73E6C12}.Release|Any CPU.Build.0 = Release|Any CPU
		{FE2C8C2D-D7F4-439D-BF24-74E0A73E6C12}.Release|Any CPU.Deploy.0 = Release|Any CPU
		{2AA9CFE4-6FFB-460B-8CE3-05198CA50FEC}.Debug|Any CPU.ActiveCfg = Debug|Any CPU
		{2AA9CFE4-6FFB-460B-8CE3-05198CA50FEC}.Debug|Any CPU.Build.0 = Debug|Any CPU
		{2AA9CFE4-6FFB-460B-8CE3-05198CA50FEC}.Release|Any CPU.ActiveCfg = Release|Any CPU
		{2AA9CFE4-6FFB-460B-8CE3-05198CA50FEC}.Release|Any CPU.Build.0 = Release|Any CPU
		{1166DEED-8AA7-4BF2-9CF8-D00FA49D6AF9}.Debug|Any CPU.ActiveCfg = Debug|Any CPU
		{1166DEED-8AA7-4BF2-9CF8-D00FA49D6AF9}.Debug|Any CPU.Build.0 = Debug|Any CPU
		{1166DEED-8AA7-4BF2-9CF8-D00FA49D6AF9}.Debug|Any CPU.Deploy.0 = Debug|Any CPU
		{1166DEED-8AA7-4BF2-9CF8-D00FA49D6AF9}.Release|Any CPU.ActiveCfg = Release|Any CPU
		{1166DEED-8AA7-4BF2-9CF8-D00FA49D6AF9}.Release|Any CPU.Build.0 = Release|Any CPU
		{1166DEED-8AA7-4BF2-9CF8-D00FA49D6AF9}.Release|Any CPU.Deploy.0 = Release|Any CPU
		{EB872E0A-21EF-4497-98F9-2B10C4DF286C}.Debug|Any CPU.ActiveCfg = Debug|Any CPU
		{EB872E0A-21EF-4497-98F9-2B10C4DF286C}.Debug|Any CPU.Build.0 = Debug|Any CPU
		{EB872E0A-21EF-4497-98F9-2B10C4DF286C}.Release|Any CPU.ActiveCfg = Release|Any CPU
		{EB872E0A-21EF-4497-98F9-2B10C4DF286C}.Release|Any CPU.Build.0 = Release|Any CPU
		{C063BBD6-CAC8-425F-B496-DE61038AB947}.Debug|Any CPU.ActiveCfg = Debug|Any CPU
		{C063BBD6-CAC8-425F-B496-DE61038AB947}.Debug|Any CPU.Build.0 = Debug|Any CPU
		{C063BBD6-CAC8-425F-B496-DE61038AB947}.Release|Any CPU.ActiveCfg = Release|Any CPU
		{C063BBD6-CAC8-425F-B496-DE61038AB947}.Release|Any CPU.Build.0 = Release|Any CPU
	EndGlobalSection
	GlobalSection(SolutionProperties) = preSolution
		HideSolutionNode = FALSE
	EndGlobalSection
	GlobalSection(NestedProjects) = preSolution
		{591AAE91-0D2D-496F-A0A6-1EF3F2338CC8} = {AD685D1A-6459-44BB-95D1-FC01AC08FD03}
		{40FEE468-AB49-46A1-AB1D-85EAD78D2656} = {AD685D1A-6459-44BB-95D1-FC01AC08FD03}
		{14B33548-D04A-40FC-983A-CC9B1FB614AA} = {40FEE468-AB49-46A1-AB1D-85EAD78D2656}
		{A8348ACE-9ADE-466E-B651-9ABC6E4DCD8A} = {40FEE468-AB49-46A1-AB1D-85EAD78D2656}
		{0DA207D1-AD0B-416F-9B39-DB9DDC2ACD4E} = {14B33548-D04A-40FC-983A-CC9B1FB614AA}
		{E5752702-5C88-419B-A1C7-845D5BE9A936} = {14B33548-D04A-40FC-983A-CC9B1FB614AA}
		{5FBDDBCC-8AB9-4818-B461-ECB332E48601} = {A8348ACE-9ADE-466E-B651-9ABC6E4DCD8A}
		{C2DEE197-2433-44A2-A128-2EC2C3B96C37} = {A8348ACE-9ADE-466E-B651-9ABC6E4DCD8A}
		{45E10D4F-A160-4943-8279-17AC2B1CCBD0} = {AD685D1A-6459-44BB-95D1-FC01AC08FD03}
		{4D9E1EF2-4F1A-43E6-BFE5-3016AE611FC0} = {0DA207D1-AD0B-416F-9B39-DB9DDC2ACD4E}
		{B427F525-B347-43EE-942B-56002D64DDE1} = {E5752702-5C88-419B-A1C7-845D5BE9A936}
		{2920E094-7CB3-414F-AC37-EAE30A102B3A} = {5FBDDBCC-8AB9-4818-B461-ECB332E48601}
		{91979577-03B6-4D6B-890B-164504F0C47D} = {C2DEE197-2433-44A2-A128-2EC2C3B96C37}
		{ED07E6CC-994B-4D22-B345-949B7AC7AF50} = {45E10D4F-A160-4943-8279-17AC2B1CCBD0}
		{65824E3C-AEEF-49A6-B409-3EC6E64B8385} = {AD685D1A-6459-44BB-95D1-FC01AC08FD03}
		{FE2C8C2D-D7F4-439D-BF24-74E0A73E6C12} = {3AFEB5C6-CDAD-4735-A007-B32C05F6E5C9}
		{1166DEED-8AA7-4BF2-9CF8-D00FA49D6AF9} = {3AFEB5C6-CDAD-4735-A007-B32C05F6E5C9}
		{774F4884-12A6-49E3-9A40-B2E4823BD3AB} = {40FEE468-AB49-46A1-AB1D-85EAD78D2656}
		{7762B8F2-0587-485D-B4B1-1C01AE73826F} = {774F4884-12A6-49E3-9A40-B2E4823BD3AB}
		{EB872E0A-21EF-4497-98F9-2B10C4DF286C} = {7762B8F2-0587-485D-B4B1-1C01AE73826F}
		{CC90716A-39E6-460A-A364-8F61DD3DD089} = {774F4884-12A6-49E3-9A40-B2E4823BD3AB}
		{C063BBD6-CAC8-425F-B496-DE61038AB947} = {CC90716A-39E6-460A-A364-8F61DD3DD089}
	EndGlobalSection
	GlobalSection(ExtensibilityGlobals) = postSolution
		SolutionGuid = {F59AD7F4-E29D-4092-A5D6-A6AD19DF97E4}
	EndGlobalSection
EndGlobal
