
Microsoft Visual Studio Solution File, Format Version 12.00
# Visual Studio Version 17
VisualStudioVersion = 17.1.32210.238
MinimumVisualStudioVersion = 10.0.40219.1
Project("{2150E333-8FDC-42A3-9474-1A3956D46DE8}") = "DrReview.Core", "DrReview.Core", "{AD685D1A-6459-44BB-95D1-FC01AC08FD03}"
EndProject
Project("{FAE04EC0-301F-11D3-BF4B-00C04F79EFBC}") = "DrReview.Api", "DrReview.Core\DrReview.Api\DrReview.Api.csproj", "{591AAE91-0D2D-496F-A0A6-1EF3F2338CC8}"
EndProject
Project("{2150E333-8FDC-42A3-9474-1A3956D46DE8}") = "Solution Items", "Solution Items", "{C7CB7915-227A-41E6-BE38-593A33E3E6F3}"
	ProjectSection(SolutionItems) = preProject
		.editorconfig = .editorconfig
	EndProjectSection
EndProject
Global
	GlobalSection(SolutionConfigurationPlatforms) = preSolution
		Debug|Any CPU = Debug|Any CPU
		Release|Any CPU = Release|Any CPU
	EndGlobalSection
	GlobalSection(ProjectConfigurationPlatforms) = postSolution
		{591AAE91-0D2D-496F-A0A6-1EF3F2338CC8}.Debug|Any CPU.ActiveCfg = Debug|Any CPU
		{591AAE91-0D2D-496F-A0A6-1EF3F2338CC8}.Debug|Any CPU.Build.0 = Debug|Any CPU
		{591AAE91-0D2D-496F-A0A6-1EF3F2338CC8}.Release|Any CPU.ActiveCfg = Release|Any CPU
		{591AAE91-0D2D-496F-A0A6-1EF3F2338CC8}.Release|Any CPU.Build.0 = Release|Any CPU
	EndGlobalSection
	GlobalSection(SolutionProperties) = preSolution
		HideSolutionNode = FALSE
	EndGlobalSection
	GlobalSection(NestedProjects) = preSolution
		{591AAE91-0D2D-496F-A0A6-1EF3F2338CC8} = {AD685D1A-6459-44BB-95D1-FC01AC08FD03}
	EndGlobalSection
	GlobalSection(ExtensibilityGlobals) = postSolution
		SolutionGuid = {F59AD7F4-E29D-4092-A5D6-A6AD19DF97E4}
	EndGlobalSection
EndGlobal
